Microsoft Visual Studio Solution File, Format Version 12.00
# Visual Studio 2012
Project("{FAE04EC0-301F-11D3-BF4B-00C04F79EFBC}") = "Vampire-Survivors", "Vampire-Survivors.csproj", "{EF016328-E860-41C1-A66C-0F614C641134}"
EndProject
Global
	GlobalSection(SolutionConfigurationPlatforms) = preSolution
	Debug|Any CPU = Debug|Any CPU
	ExportDebug|Any CPU = ExportDebug|Any CPU
	ExportRelease|Any CPU = ExportRelease|Any CPU
	EndGlobalSection
	GlobalSection(ProjectConfigurationPlatforms) = postSolution
		{EF016328-E860-41C1-A66C-0F614C641134}.Debug|Any CPU.ActiveCfg = Debug|Any CPU
		{EF016328-E860-41C1-A66C-0F614C641134}.Debug|Any CPU.Build.0 = Debug|Any CPU
		{EF016328-E860-41C1-A66C-0F614C641134}.ExportDebug|Any CPU.ActiveCfg = ExportDebug|Any CPU
		{EF016328-E860-41C1-A66C-0F614C641134}.ExportDebug|Any CPU.Build.0 = ExportDebug|Any CPU
		{EF016328-E860-41C1-A66C-0F614C641134}.ExportRelease|Any CPU.ActiveCfg = ExportRelease|Any CPU
		{EF016328-E860-41C1-A66C-0F614C641134}.ExportRelease|Any CPU.Build.0 = ExportRelease|Any CPU
	EndGlobalSection
EndGlobal
